
Microsoft Visual Studio Solution File, Format Version 12.00
# Visual Studio Version 16
VisualStudioVersion = 16.0.32002.261
MinimumVisualStudioVersion = 10.0.40219.1
Project("{9A19103F-16F7-4668-BE54-9A1E7A4F7556}") = "MoviesStore", "MoviesStore\MoviesStore.csproj", "{7FFCEFF2-A3C2-49D1-9CA7-240D3D71512E}"
EndProject
Project("{9A19103F-16F7-4668-BE54-9A1E7A4F7556}") = "MovieStore.Core", "MovieStore.Core\MovieStore.Core.csproj", "{13938E83-1EFB-4337-A85B-F3901045870D}"
EndProject
Project("{9A19103F-16F7-4668-BE54-9A1E7A4F7556}") = "MovieStore.Data", "MovieStore.Data\MovieStore.Data.csproj", "{0CA3E57D-42EB-4659-B526-25DA7143B159}"
EndProject
Global
	GlobalSection(SolutionConfigurationPlatforms) = preSolution
		Debug|Any CPU = Debug|Any CPU
		Release|Any CPU = Release|Any CPU
	EndGlobalSection
	GlobalSection(ProjectConfigurationPlatforms) = postSolution
		{7FFCEFF2-A3C2-49D1-9CA7-240D3D71512E}.Debug|Any CPU.ActiveCfg = Debug|Any CPU
		{7FFCEFF2-A3C2-49D1-9CA7-240D3D71512E}.Debug|Any CPU.Build.0 = Debug|Any CPU
		{7FFCEFF2-A3C2-49D1-9CA7-240D3D71512E}.Release|Any CPU.ActiveCfg = Release|Any CPU
		{7FFCEFF2-A3C2-49D1-9CA7-240D3D71512E}.Release|Any CPU.Build.0 = Release|Any CPU
		{13938E83-1EFB-4337-A85B-F3901045870D}.Debug|Any CPU.ActiveCfg = Debug|Any CPU
		{13938E83-1EFB-4337-A85B-F3901045870D}.Debug|Any CPU.Build.0 = Debug|Any CPU
		{13938E83-1EFB-4337-A85B-F3901045870D}.Release|Any CPU.ActiveCfg = Release|Any CPU
		{13938E83-1EFB-4337-A85B-F3901045870D}.Release|Any CPU.Build.0 = Release|Any CPU
		{0CA3E57D-42EB-4659-B526-25DA7143B159}.Debug|Any CPU.ActiveCfg = Debug|Any CPU
		{0CA3E57D-42EB-4659-B526-25DA7143B159}.Debug|Any CPU.Build.0 = Debug|Any CPU
		{0CA3E57D-42EB-4659-B526-25DA7143B159}.Release|Any CPU.ActiveCfg = Release|Any CPU
		{0CA3E57D-42EB-4659-B526-25DA7143B159}.Release|Any CPU.Build.0 = Release|Any CPU
	EndGlobalSection
	GlobalSection(SolutionProperties) = preSolution
		HideSolutionNode = FALSE
	EndGlobalSection
	GlobalSection(ExtensibilityGlobals) = postSolution
		SolutionGuid = {2CF2F827-CE36-4681-81F3-F27A87A6DFE6}
	EndGlobalSection
EndGlobal
